{
  "object": {
    "pins": [
      {
        "package": "CodeScanner",
        "repositoryURL": "https://github.com/twostraws/CodeScanner.git",
        "state": {
          "branch": null,
          "revision": "a2144ddaa7c43a6ee00873edd4cc7815ad97942f",
          "version": "1.0.7"
        }
      },
      {
        "package": "ToastSwiftUI",
        "repositoryURL": "https://github.com/huynguyencong/ToastSwiftUI.git",
        "state": {
          "branch": null,
          "revision": "fc621e168dd8b308a1a4a6ea3bf6a85716d3d361",
          "version": "0.3.4"
        }
      }
    ]
  },
  "version": 1
}
